
Microsoft Visual Studio Solution File, Format Version 12.00
# Visual Studio 15
VisualStudioVersion = 15.0.27428.2015
MinimumVisualStudioVersion = 10.0.40219.1
Project("{FAE04EC0-301F-11D3-BF4B-00C04F79EFBC}") = "GeoCourse.Client", "GeoCourse.Client\GeoCourse.Client.csproj", "{C72554D6-23AF-4B52-BD0E-5EBDFFEA2148}"
EndProject
Global
	GlobalSection(SolutionConfigurationPlatforms) = preSolution
		Debug|Any CPU = Debug|Any CPU
		Release|Any CPU = Release|Any CPU
	EndGlobalSection
	GlobalSection(ProjectConfigurationPlatforms) = postSolution
		{C72554D6-23AF-4B52-BD0E-5EBDFFEA2148}.Debug|Any CPU.ActiveCfg = Debug|Any CPU
		{C72554D6-23AF-4B52-BD0E-5EBDFFEA2148}.Debug|Any CPU.Build.0 = Debug|Any CPU
		{C72554D6-23AF-4B52-BD0E-5EBDFFEA2148}.Release|Any CPU.ActiveCfg = Release|Any CPU
		{C72554D6-23AF-4B52-BD0E-5EBDFFEA2148}.Release|Any CPU.Build.0 = Release|Any CPU
	EndGlobalSection
	GlobalSection(SolutionProperties) = preSolution
		HideSolutionNode = FALSE
	EndGlobalSection
	GlobalSection(ExtensibilityGlobals) = postSolution
		SolutionGuid = {A5AD7A49-3C41-4752-8C9D-46880E44E4DC}
	EndGlobalSection
EndGlobal
